github.com/Luzifer/go_helpers/v2 v2.25.2 h1:+Jep9wcaUQiTYAfrbUpAuGsKhcCd/+s7NdU7HPNwJos=
github.com/Luzifer/go_helpers/v2 v2.25.2/go.mod h1:paTKeBe4OheFvMUfuzX5Wzt+piacG4rz96rOGciJu44=
github.com/pkg/errors v0.9.1 h1:FEBLx1zS214owpjy7qsBeixbURkuhQAwrK5UwLGTwt4=
github.com/pkg/errors v0.9.1/go.mod h1:bwawxfHBFNV+L2hUp1rHADufV3IMtnDRdf1r5NINEl0=
github.com/sirupsen/logrus v1.9.4 h1:TsZE7l11zFCLZnZ+teH4Umoq5BhEIfIzfRDZ1Uzql2w=
github.com/sirupsen/logrus v1.9.4/go.mod h1:ftWc9WdOfJ0a92nsE2jF5u5ZwH8Bv2zdeOC42RjbV2g=
